lockfileVersion: '9.0'

settings:
  autoInstallPeers: true
  excludeLinksFromLockfile: false

importers:

  .:
    dependencies:
      '@hono/node-server':
        specifier: ^2.0.0
        version: 2.0.2(hono@4.12.18)
      hono:
        specifier: ^4.12.12
        version: 4.12.18

packages:

  '@hono/node-server@2.0.2':
    resolution: {integrity: sha512-tXlTi1h/4V7sDe7i97IVP+9re9ZU7wXZZggnR5ucCRclf1+AX6YhGStrR5w8bLj+3Mlyl0pKfBh9gqTqqnGKfQ==}
    engines: {node: '>=20'}
    peerDependencies:
      hono: ^4

  hono@4.12.18:
    resolution: {integrity: sha512-RWzP96k/yv0PQfyXnWjs6zot20TqfpfsNXhOnev8d1InAxubW93L11/oNUc3tQqn2G0bSdAOBpX+2uDFHV7kdQ==}
    engines: {node: '>=16.9.0'}

snapshots:

  '@hono/node-server@2.0.2(hono@4.12.18)':
    dependencies:
      hono: 4.12.18

  hono@4.12.18: {}
